
Microsoft Visual Studio Solution File, Format Version 12.00
# Visual Studio 15
VisualStudioVersion = 15.0.27130.2036
MinimumVisualStudioVersion = 10.0.40219.1
Project("{8BC9CEB8-8B4A-11D0-8D11-00A0C91BC942}") = "Borodin.test", "Borodin.test\Borodin.test.vcxproj", "{F3EB0D3C-1F14-4ADA-A317-386A04EC35AB}"
EndProject
Global
	GlobalSection(SolutionConfigurationPlatforms) = preSolution
		Debug|x64 = Debug|x64
		Debug|x86 = Debug|x86
		Release|x64 = Release|x64
		Release|x86 = Release|x86
	EndGlobalSection
	GlobalSection(ProjectConfigurationPlatforms) = postSolution
		{F3EB0D3C-1F14-4ADA-A317-386A04EC35AB}.Debug|x64.ActiveCfg = Debug|x64
		{F3EB0D3C-1F14-4ADA-A317-386A04EC35AB}.Debug|x64.Build.0 = Debug|x64
		{F3EB0D3C-1F14-4ADA-A317-386A04EC35AB}.Debug|x86.ActiveCfg = Debug|Win32
		{F3EB0D3C-1F14-4ADA-A317-386A04EC35AB}.Debug|x86.Build.0 = Debug|Win32
		{F3EB0D3C-1F14-4ADA-A317-386A04EC35AB}.Release|x64.ActiveCfg = Release|x64
		{F3EB0D3C-1F14-4ADA-A317-386A04EC35AB}.Release|x64.Build.0 = Release|x64
		{F3EB0D3C-1F14-4ADA-A317-386A04EC35AB}.Release|x86.ActiveCfg = Release|Win32
		{F3EB0D3C-1F14-4ADA-A317-386A04EC35AB}.Release|x86.Build.0 = Release|Win32
	EndGlobalSection
	GlobalSection(SolutionProperties) = preSolution
		HideSolutionNode = FALSE
	EndGlobalSection
	GlobalSection(ExtensibilityGlobals) = postSolution
		SolutionGuid = {16F22E84-E0A0-4251-A367-32ACBA63E716}
	EndGlobalSection
EndGlobal
