
Microsoft Visual Studio Solution File, Format Version 12.00
# Visual Studio 15
VisualStudioVersion = 15.0.27130.2036
MinimumVisualStudioVersion = 10.0.40219.1
Project("{8BC9CEB8-8B4A-11D0-8D11-00A0C91BC942}") = "Borodin.test", "Borodin.test\Borodin.test.vcxproj", "{0C9F5879-CC7A-49DD-9F99-50FE353E0675}"
EndProject
Global
	GlobalSection(SolutionConfigurationPlatforms) = preSolution
		Debug|x64 = Debug|x64
		Debug|x86 = Debug|x86
		Release|x64 = Release|x64
		Release|x86 = Release|x86
	EndGlobalSection
	GlobalSection(ProjectConfigurationPlatforms) = postSolution
		{0C9F5879-CC7A-49DD-9F99-50FE353E0675}.Debug|x64.ActiveCfg = Debug|x64
		{0C9F5879-CC7A-49DD-9F99-50FE353E0675}.Debug|x64.Build.0 = Debug|x64
		{0C9F5879-CC7A-49DD-9F99-50FE353E0675}.Debug|x86.ActiveCfg = Debug|Win32
		{0C9F5879-CC7A-49DD-9F99-50FE353E0675}.Debug|x86.Build.0 = Debug|Win32
		{0C9F5879-CC7A-49DD-9F99-50FE353E0675}.Release|x64.ActiveCfg = Release|x64
		{0C9F5879-CC7A-49DD-9F99-50FE353E0675}.Release|x64.Build.0 = Release|x64
		{0C9F5879-CC7A-49DD-9F99-50FE353E0675}.Release|x86.ActiveCfg = Release|Win32
		{0C9F5879-CC7A-49DD-9F99-50FE353E0675}.Release|x86.Build.0 = Release|Win32
	EndGlobalSection
	GlobalSection(SolutionProperties) = preSolution
		HideSolutionNode = FALSE
	EndGlobalSection
	GlobalSection(ExtensibilityGlobals) = postSolution
		SolutionGuid = {03FA9C04-7A21-4A4B-AEF5-922B967CC8DD}
	EndGlobalSection
EndGlobal
